
Microsoft Visual Studio Solution File, Format Version 12.00
Project("{FAE04EC0-301F-11D3-BF4B-00C04F79EFBC}") = "iii", "iii\iii.csproj", "{039D95D8-64F9-4FE5-A054-6CA36BAF9549}"
EndProject
Global
	GlobalSection(SolutionConfigurationPlatforms) = preSolution
		Debug|Any CPU = Debug|Any CPU
		Release|Any CPU = Release|Any CPU
	EndGlobalSection
	GlobalSection(ProjectConfigurationPlatforms) = postSolution
		{039D95D8-64F9-4FE5-A054-6CA36BAF9549}.Debug|Any CPU.ActiveCfg = Debug|Any CPU
		{039D95D8-64F9-4FE5-A054-6CA36BAF9549}.Debug|Any CPU.Build.0 = Debug|Any CPU
		{039D95D8-64F9-4FE5-A054-6CA36BAF9549}.Release|Any CPU.ActiveCfg = Release|Any CPU
		{039D95D8-64F9-4FE5-A054-6CA36BAF9549}.Release|Any CPU.Build.0 = Release|Any CPU
	EndGlobalSection
EndGlobal
